
Microsoft Visual Studio Solution File, Format Version 12.00
# Visual Studio Version 16
VisualStudioVersion = 16.0.28711.60
MinimumVisualStudioVersion = 10.0.40219.1
Project("{9A19103F-16F7-4668-BE54-9A1E7A4F7556}") = "CSharpEightFeatures", "CSharpEightFeatures\CSharpEightFeatures.csproj", "{1BCC9CAB-7735-4E20-A25A-B099E7363588}"
EndProject
Project("{9A19103F-16F7-4668-BE54-9A1E7A4F7556}") = "Playground", "Varieties\Playground.csproj", "{3E575347-B752-4DEC-81EE-C4227A6BF1C7}"
EndProject
Project("{9A19103F-16F7-4668-BE54-9A1E7A4F7556}") = "ThreadsAndTasks", "ThreadsAndTasks\ThreadsAndTasks.csproj", "{8CD27D3C-7E8F-49EE-A330-A73F38AF9915}"
EndProject
Global
	GlobalSection(SolutionConfigurationPlatforms) = preSolution
		Debug|Any CPU = Debug|Any CPU
		Release|Any CPU = Release|Any CPU
	EndGlobalSection
	GlobalSection(ProjectConfigurationPlatforms) = postSolution
		{1BCC9CAB-7735-4E20-A25A-B099E7363588}.Debug|Any CPU.ActiveCfg = Debug|Any CPU
		{1BCC9CAB-7735-4E20-A25A-B099E7363588}.Debug|Any CPU.Build.0 = Debug|Any CPU
		{1BCC9CAB-7735-4E20-A25A-B099E7363588}.Release|Any CPU.ActiveCfg = Release|Any CPU
		{1BCC9CAB-7735-4E20-A25A-B099E7363588}.Release|Any CPU.Build.0 = Release|Any CPU
		{3E575347-B752-4DEC-81EE-C4227A6BF1C7}.Debug|Any CPU.ActiveCfg = Debug|Any CPU
		{3E575347-B752-4DEC-81EE-C4227A6BF1C7}.Debug|Any CPU.Build.0 = Debug|Any CPU
		{3E575347-B752-4DEC-81EE-C4227A6BF1C7}.Release|Any CPU.ActiveCfg = Release|Any CPU
		{3E575347-B752-4DEC-81EE-C4227A6BF1C7}.Release|Any CPU.Build.0 = Release|Any CPU
		{8CD27D3C-7E8F-49EE-A330-A73F38AF9915}.Debug|Any CPU.ActiveCfg = Debug|Any CPU
		{8CD27D3C-7E8F-49EE-A330-A73F38AF9915}.Debug|Any CPU.Build.0 = Debug|Any CPU
		{8CD27D3C-7E8F-49EE-A330-A73F38AF9915}.Release|Any CPU.ActiveCfg = Release|Any CPU
		{8CD27D3C-7E8F-49EE-A330-A73F38AF9915}.Release|Any CPU.Build.0 = Release|Any CPU
	EndGlobalSection
	GlobalSection(SolutionProperties) = preSolution
		HideSolutionNode = FALSE
	EndGlobalSection
	GlobalSection(ExtensibilityGlobals) = postSolution
		SolutionGuid = {4723BA95-29DA-49EF-B704-C5ADEEC35096}
	EndGlobalSection
EndGlobal
